github.com/go-telegram/bot v1.11.1 h1:pvsXydwKpNcD1M4Y5TeKzGHUuRuQwx+FRXXgcviEFGc=
github.com/go-telegram/bot v1.11.1/go.mod h1:i2TRs7fXWIeaceF3z7KzsMt/he0TwkVC680mvdTFYeM=
github.com/gorilla/websocket v1.5.3 h1:saDtZ6Pbx/0u+bgYQ3q96pZgCzfhKXGPqt7kZ72aNNg=
github.com/gorilla/websocket v1.5.3/go.mod h1:YR8l580nyteQvAITg2hZ9XVh4b55+EU/adAjf1fMHhE=
github.com/joho/godotenv v1.5.1 h1:7eLL/+HRGLY0ldzfGMeQkb7vMd0as4CfYvUVzLqw0N0=
github.com/joho/godotenv v1.5.1/go.mod h1:f4LDr5Voq0i2e/R5DDNOoa2zzDfwtkZa6DnEwAbqwq4=
github.com/slack-go/slack v0.23.1 h1:ZS5B96wxxYQRwvJ3/vJFtqtUZi3tXhsZCyT44Nv7M80=
github.com/slack-go/slack v0.23.1/go.mod h1:H0yR/YBuRJ39RkE+JpV/d/oEsbanzTRowR82bCN0cEs=
